
Microsoft Visual Studio Solution File, Format Version 12.00
# Visual Studio 2017
Project("{FAE04EC0-301F-11D3-BF4B-00C04F79EFBC}") = "Space Invaders Nostalgia", "Space Invaders Nostalgia.csproj", "{6F2D22BA-1088-28D6-2E69-7D0E55ADF09F}"
EndProject
Global
	GlobalSection(SolutionConfigurationPlatforms) = preSolution
		Debug|Any CPU = Debug|Any CPU
		Release|Any CPU = Release|Any CPU
	EndGlobalSection
	GlobalSection(ProjectConfigurationPlatforms) = postSolution
		{6F2D22BA-1088-28D6-2E69-7D0E55ADF09F}.Debug|Any CPU.ActiveCfg = Debug|Any CPU
		{6F2D22BA-1088-28D6-2E69-7D0E55ADF09F}.Debug|Any CPU.Build.0 = Debug|Any CPU
		{6F2D22BA-1088-28D6-2E69-7D0E55ADF09F}.Release|Any CPU.ActiveCfg = Release|Any CPU
		{6F2D22BA-1088-28D6-2E69-7D0E55ADF09F}.Release|Any CPU.Build.0 = Release|Any CPU
	EndGlobalSection
	GlobalSection(SolutionProperties) = preSolution
		HideSolutionNode = FALSE
	EndGlobalSection
EndGlobal
